{
  "name": "openrgb-animations",
  "version": "1.0.1",
  "lockfileVersion": 3,
  "requires": true,
  "packages": {
    "": {
      "name": "openrgb-animations",
      "version": "1.0.1",
      "license": "ISC",
      "dependencies": {
        "@twilcynder/timing-util": "^2.0.0",
        "openrgb-sdk": "^0.5.2"
      }
    },
    "node_modules/@twilcynder/timing-util": {
      "version": "2.0.1",
      "resolved": "https://registry.npmjs.org/@twilcynder/timing-util/-/timing-util-2.0.1.tgz",
      "integrity": "sha512-u2oRqizUTWGm38RfThgj7B+RLqJYRFsmN1KrPwLKbdWtAbBZ1lymMoZ/ND++haGRjObD0VEcq7IavKTOHtx/Tg=="
    },
    "node_modules/bufferpack": {
      "version": "0.0.6",
      "resolved": "https://registry.npmjs.org/bufferpack/-/bufferpack-0.0.6.tgz",
      "integrity": "sha512-MTWvLHElqczrIVhge9qHtqgNigJFyh0+tCDId5yCbFAfuekHWIG+uAgvoHVflwrDPuY/e47JE1ki5qcM7w4uLg==",
      "engines": {
        "node": "*"
      }
    },
    "node_modules/openrgb-sdk": {
      "version": "0.5.2",
      "resolved": "https://registry.npmjs.org/openrgb-sdk/-/openrgb-sdk-0.5.2.tgz",
      "integrity": "sha512-3OvoXHH8HE1J9ERXHHjoe2MwlxqTyeQP91h0USSmtY2EWPKOFmLkkk7z+0tAPX4ttywqDLcW1RiO4Xu72jkFew==",
      "dependencies": {
        "bufferpack": "0.0.6"
      },
      "engines": {
        "node": ">=8.3"
      }
    }
  }
}
